{
  "name": "v-mdc-example",
  "version": "0.1.0",
  "lockfileVersion": 1,
  "requires": true,
  "dependencies": {
    "@material/checkbox": {
      "version": "0.1.2",
      "resolved": "https://registry.npmjs.org/@material/checkbox/-/checkbox-0.1.2.tgz",
      "integrity": "sha1-zdoF602snwlRXIeC/cyYrwsqEck="
    },
    "@material/drawer": {
      "version": "0.1.4",
      "resolved": "https://registry.npmjs.org/@material/drawer/-/drawer-0.1.4.tgz",
      "integrity": "sha1-k4Ed3zCJnJrDWOm0jmFEL8nBlo4=",
      "dependencies": {
        "@material/typography": {
          "version": "0.2.2",
          "resolved": "https://registry.npmjs.org/@material/typography/-/typography-0.2.2.tgz",
          "integrity": "sha1-3F8HY619blrVyGw5SzYPK0zzC7I="
        }
      }
    },
    "@material/elevation": {
      "version": "0.1.8",
      "resolved": "https://registry.npmjs.org/@material/elevation/-/elevation-0.1.8.tgz",
      "integrity": "sha1-V6HzVBozDQNWM9t/XbgsRi0MytA=",
      "dependencies": {
        "@material/animation": {
          "version": "0.2.3",
          "resolved": "https://registry.npmjs.org/@material/animation/-/animation-0.2.3.tgz",
          "integrity": "sha1-JfJJYs1knnZFmharI0t4Rqen9Bk="
        }
      }
    },
    "@material/form-field": {
      "version": "0.1.1",
      "resolved": "https://registry.npmjs.org/@material/form-field/-/form-field-0.1.1.tgz",
      "integrity": "sha1-ATDjz/8PPGmT0jwZF8rlnS0MHvY="
    },
    "@material/icon-toggle": {
      "version": "0.1.12",
      "resolved": "https://registry.npmjs.org/@material/icon-toggle/-/icon-toggle-0.1.12.tgz",
      "integrity": "sha1-5wds0PcHH7zSBg/j1Od07LugHZw=",
      "dependencies": {
        "@material/animation": {
          "version": "0.2.3",
          "resolved": "https://registry.npmjs.org/@material/animation/-/animation-0.2.3.tgz",
          "integrity": "sha1-JfJJYs1knnZFmharI0t4Rqen9Bk="
        },
        "@material/base": {
          "version": "0.2.0",
          "resolved": "https://registry.npmjs.org/@material/base/-/base-0.2.0.tgz",
          "integrity": "sha1-aF4sNEqgN+Qr55eOHzZf8YO586E="
        },
        "@material/ripple": {
          "version": "0.6.2",
          "resolved": "https://registry.npmjs.org/@material/ripple/-/ripple-0.6.2.tgz",
          "integrity": "sha1-qFVtt8FB019VgsWZC+hpC++d7lk="
        }
      }
    },
    "@material/list": {
      "version": "0.1.0",
      "resolved": "https://registry.npmjs.org/@material/list/-/list-0.1.0.tgz",
      "integrity": "sha1-yKJLtNRjnpgf16Jx5K+9266jl0g="
    },
    "@material/ripple": {
      "version": "0.1.2",
      "resolved": "https://registry.npmjs.org/@material/ripple/-/ripple-0.1.2.tgz",
      "integrity": "sha1-BvOxfbujE3snpo8lZkTi1qMrumI="
    },
    "@material/slider": {
      "version": "0.1.0",
      "resolved": "https://registry.npmjs.org/@material/slider/-/slider-0.1.0.tgz",
      "integrity": "sha512-2iUGnd8h8dkWFS9JnEmC0h811vkuRITahkgW6evO4QmNJUAqMkGjnGX/D2Kdaf7uuJ9TQ+Of7peHMfdr3hoR6w==",
      "dependencies": {
        "@material/animation": {
          "version": "0.2.3",
          "resolved": "https://registry.npmjs.org/@material/animation/-/animation-0.2.3.tgz",
          "integrity": "sha1-JfJJYs1knnZFmharI0t4Rqen9Bk="
        },
        "@material/base": {
          "version": "0.2.0",
          "resolved": "https://registry.npmjs.org/@material/base/-/base-0.2.0.tgz",
          "integrity": "sha1-aF4sNEqgN+Qr55eOHzZf8YO586E="
        }
      }
    },
    "@material/snackbar": {
      "version": "0.1.11",
      "resolved": "https://registry.npmjs.org/@material/snackbar/-/snackbar-0.1.11.tgz",
      "integrity": "sha1-Bl+gO/4lkjInaytxXJUyJCriNBo=",
      "dependencies": {
        "@material/animation": {
          "version": "0.2.3",
          "resolved": "https://registry.npmjs.org/@material/animation/-/animation-0.2.3.tgz",
          "integrity": "sha1-JfJJYs1knnZFmharI0t4Rqen9Bk="
        },
        "@material/typography": {
          "version": "0.2.2",
          "resolved": "https://registry.npmjs.org/@material/typography/-/typography-0.2.2.tgz",
          "integrity": "sha1-3F8HY619blrVyGw5SzYPK0zzC7I="
        }
      }
    },
    "@material/theme": {
      "version": "0.1.5",
      "resolved": "https://registry.npmjs.org/@material/theme/-/theme-0.1.5.tgz",
      "integrity": "sha1-XHvZoZdNjBwOrPA34CNarZxctpk="
    },
    "@material/typography": {
      "version": "0.1.1",
      "resolved": "https://registry.npmjs.org/@material/typography/-/typography-0.1.1.tgz",
      "integrity": "sha1-+y40N70yhNOen7kUhXZ63msr0ME="
    },
    "array-flatten": {
      "version": "1.1.1",
      "resolved": "https://registry.npmjs.org/array-flatten/-/array-flatten-1.1.1.tgz",
      "integrity": "sha1-ml9pkFGx5wczKPKgCJaLZOopVdI=",
      "dev": true
    },
    "babel-core": {
      "version": "6.25.0",
      "resolved": "https://registry.npmjs.org/babel-core/-/babel-core-6.25.0.tgz",
      "integrity": "sha1-fdQrBGPHQunVKW3rPsZ6kyLa1yk=",
      "dev": true
    },
    "babel-loader": {
      "version": "6.4.1",
      "resolved": "https://registry.npmjs.org/babel-loader/-/babel-loader-6.4.1.tgz",
      "integrity": "sha1-CzQRLVsHSKjc2/Uaz2+b1C1QuMo=",
      "dev": true
    },
    "babel-plugin-transform-runtime": {
      "version": "6.23.0",
      "resolved": "https://registry.npmjs.org/babel-plugin-transform-runtime/-/babel-plugin-transform-runtime-6.23.0.tgz",
      "integrity": "sha1-iEkNRGUC6puOfvsP4J7E2ZR5se4=",
      "dev": true
    },
    "babel-preset-es2015": {
      "version": "6.24.1",
      "resolved": "https://registry.npmjs.org/babel-preset-es2015/-/babel-preset-es2015-6.24.1.tgz",
      "integrity": "sha1-1EBQ1rwsn+6nAqrzjXJ6AhBTiTk=",
      "dev": true
    },
    "babel-preset-stage-2": {
      "version": "6.24.1",
      "resolved": "https://registry.npmjs.org/babel-preset-stage-2/-/babel-preset-stage-2-6.24.1.tgz",
      "integrity": "sha1-2eKWD7PXEYfw5k7sYrwHdnIZvcE=",
      "dev": true
    },
    "babel-runtime": {
      "version": "6.23.0",
      "resolved": "https://registry.npmjs.org/babel-runtime/-/babel-runtime-6.23.0.tgz",
      "integrity": "sha1-CpSJ8UTecO+zzkMArM2zKeL8VDs=",
      "dev": true
    },
    "body-parser": {
      "version": "1.19.2",
      "resolved": "https://registry.npmjs.org/body-parser/-/body-parser-1.19.2.tgz",
      "integrity": "sha512-SAAwOxgoCKMGs9uUAUFHygfLAyaniaoun6I8mFY9pRAJL9+Kec34aU+oIjDhTycub1jozEfEwx1W1IuOYxVSFw==",
      "dev": true,
      "requires": {
        "bytes": "3.1.2",
        "content-type": "~1.0.4",
        "debug": "2.6.9",
        "depd": "~1.1.2",
        "http-errors": "1.8.1",
        "iconv-lite": "0.4.24",
        "on-finished": "~2.3.0",
        "qs": "6.9.7",
        "raw-body": "2.4.3",
        "type-is": "~1.6.18"
      },
      "dependencies": {
        "content-type": {
          "version": "1.0.4",
          "resolved": "https://registry.npmjs.org/content-type/-/content-type-1.0.4.tgz",
          "integrity": "sha512-hIP3EEPs8tB9AT1L+NUqtwOAps4mk2Zob89MWXMHjHWg9milF/j4osnnQLXBCBFBk/tvIG/tUc9mOUJiPBhPXA==",
          "dev": true
        },
        "debug": {
          "version": "2.6.9",
          "resolved": "https://registry.npmjs.org/debug/-/debug-2.6.9.tgz",
          "integrity": "sha512-bC7ElrdJaJnPbAP+1EotYvqZsb3ecl5wi6Bfi6BJTUcNowp6cvspg0jXznRTKDjm/E7AdgFBVeAPVMNcKGsHMA==",
          "dev": true,
          "requires": {
            "ms": "2.0.0"
          }
        },
        "depd": {
          "version": "1.1.2",
          "resolved": "https://registry.npmjs.org/depd/-/depd-1.1.2.tgz",
          "integrity": "sha512-7emPTl6Dpo6JRXOXjLRxck+FlLRX5847cLKEn00PLAgc3g2hTZZgr+e4c2v6QpSmLeFP3n5yUo7ft6avBK/5jQ==",
          "dev": true
        },
        "http-errors": {
          "version": "1.8.1",
          "resolved": "https://registry.npmjs.org/http-errors/-/http-errors-1.8.1.tgz",
          "integrity": "sha512-Kpk9Sm7NmI+RHhnj6OIWDI1d6fIoFAtFt9RLaTMRlg/8w49juAStsrBgp0Dp4OdxdVbRIeKhtCUvoi/RuAhO4g==",
          "dev": true,
          "requires": {
            "depd": "~1.1.2",
            "inherits": "2.0.4",
            "setprototypeof": "1.2.0",
            "statuses": ">= 1.5.0 < 2",
            "toidentifier": "1.0.1"
          }
        },
        "inherits": {
          "version": "2.0.4",
          "resolved": "https://registry.npmjs.org/inherits/-/inherits-2.0.4.tgz",
          "integrity": "sha512-k/vGaX4/Yla3WzyMCvTQOXYeIHvqOKtnqBduzTHpzpQZzAskKMhZ2K+EnBiSM9zGSoIFeMpXKxa4dYeZIQqewQ==",
          "dev": true
        },
        "mime-db": {
          "version": "1.52.0",
          "resolved": "https://registry.npmjs.org/mime-db/-/mime-db-1.52.0.tgz",
          "integrity": "sha512-sPU4uV7dYlvtWJxwwxHD0PuihVNiE7TyAbQ5SWxDCB9mUYvOgroQOwYQQOKPJ8CIbE+1ETVlOoK1UC2nU3gYvg==",
          "dev": true
        },
        "mime-types": {
          "version": "2.1.35",
          "resolved": "https://registry.npmjs.org/mime-types/-/mime-types-2.1.35.tgz",
          "integrity": "sha512-ZDY+bPm5zTTF+YpCrAU9nK0UgICYPT0QtT1NZWFv4s++TNkcgVaT0g6+4R2uI4MjQjzysHB1zxuWL50hzaeXiw==",
          "dev": true,
          "requires": {
            "mime-db": "1.52.0"
          }
        },
        "qs": {
          "version": "6.9.7",
          "resolved": "https://registry.npmjs.org/qs/-/qs-6.9.7.tgz",
          "integrity": "sha512-IhMFgUmuNpyRfxA90umL7ByLlgRXu6tIfKPpF5TmcfRLlLCckfP/g3IQmju6jjpu+Hh8rA+2p6A27ZSPOOHdKw==",
          "dev": true
        },
        "setprototypeof": {
          "version": "1.2.0",
          "resolved": "https://registry.npmjs.org/setprototypeof/-/setprototypeof-1.2.0.tgz",
          "integrity": "sha512-E5LDX7Wrp85Kil5bhZv46j8jOeboKq5JMmYM3gVGdGH8xFpPWXUMsNrlODCrkoxMEeNi/XZIwuRvY4XNwYMJpw==",
          "dev": true
        },
        "statuses": {
          "version": "1.5.0",
          "resolved": "https://registry.npmjs.org/statuses/-/statuses-1.5.0.tgz",
          "integrity": "sha512-OpZ3zP+jT1PI7I8nemJX4AKmAX070ZkYPVWV/AaKTJl+tXCTGyVdC1a4SL8RUQYEwk/f34ZX8UTykN68FwrqAA==",
          "dev": true
        },
        "type-is": {
          "version": "1.6.18",
          "resolved": "https://registry.npmjs.org/type-is/-/type-is-1.6.18.tgz",
          "integrity": "sha512-TkRKr9sUTxEH8MdfuCSP7VizJyzRNMjj2J2do2Jr3Kym598JVdEksuzPQCnlFPW4ky9Q+iA+ma9BGm06XQBy8g==",
          "dev": true,
          "requires": {
            "media-typer": "0.3.0",
            "mime-types": "~2.1.24"
          }
        }
      }
    },
    "bytes": {
      "version": "3.1.2",
      "resolved": "https://registry.npmjs.org/bytes/-/bytes-3.1.2.tgz",
      "integrity": "sha512-/Nf7TyzTx6S3yRJObOAV7956r8cr2+Oj8AC5dt8wSP3BQAoeX58NoHyCU8P8zGkNXStjTSi6fzO6F0pBdcYbEg==",
      "dev": true
    },
    "connect-history-api-fallback": {
      "version": "1.3.0",
      "resolved": "https://registry.npmjs.org/connect-history-api-fallback/-/connect-history-api-fallback-1.3.0.tgz",
      "integrity": "sha1-5R0X+PDvDbkKZP20feMFFVbp8Wk=",
      "dev": true
    },
    "cookie-signature": {
      "version": "1.0.6",
      "resolved": "https://registry.npmjs.org/cookie-signature/-/cookie-signature-1.0.6.tgz",
      "integrity": "sha1-4wOogrNCzD7oylE6eZmXNNqzriw=",
      "dev": true
    },
    "css-loader": {
      "version": "0.23.1",
      "resolved": "https://registry.npmjs.org/css-loader/-/css-loader-0.23.1.tgz",
      "integrity": "sha1-n6I/K1wJZSNZEK1ezvO4o2OQ/lA=",
      "dev": true
    },
    "destroy": {
      "version": "1.0.4",
      "resolved": "https://registry.npmjs.org/destroy/-/destroy-1.0.4.tgz",
      "integrity": "sha1-l4hXRCxEdJ5CBmE+N5RiBYJqvYA=",
      "dev": true
    },
    "escape-html": {
      "version": "1.0.3",
      "resolved": "https://registry.npmjs.org/escape-html/-/escape-html-1.0.3.tgz",
      "integrity": "sha1-Aljq5NPQwJdN4cFpGI7wBR0dGYg=",
      "dev": true
    },
    "eslint": {
      "version": "3.19.0",
      "resolved": "https://registry.npmjs.org/eslint/-/eslint-3.19.0.tgz",
      "integrity": "sha1-yPxiAcf0DdCJQbh8CFdnOGpnmsw=",
      "dev": true
    },
    "eslint-config-standard": {
      "version": "6.2.1",
      "resolved": "https://registry.npmjs.org/eslint-config-standard/-/eslint-config-standard-6.2.1.tgz",
      "integrity": "sha1-06aKr8cZFjnn7kQec0hzkCY1QpI=",
      "dev": true
    },
    "eslint-friendly-formatter": {
      "version": "2.0.7",
      "resolved": "https://registry.npmjs.org/eslint-friendly-formatter/-/eslint-friendly-formatter-2.0.7.tgz",
      "integrity": "sha1-ZX+VoZr0mJY2r+uxzJ3mzrvQiO4=",
      "dev": true,
      "dependencies": {
        "minimist": {
          "version": "1.2.0",
          "resolved": "https://registry.npmjs.org/minimist/-/minimist-1.2.0.tgz",
          "integrity": "sha1-o1AIsg9BOD7sH7kU9M1d95omQoQ="
        }
      }
    },
    "eslint-loader": {
      "version": "1.7.1",
      "resolved": "https://registry.npmjs.org/eslint-loader/-/eslint-loader-1.7.1.tgz",
      "integrity": "sha1-ULFY3WJy3O+5fphCVIN/gaWALOA=",
      "dev": true,
      "dependencies": {
        "loader-utils": {
          "version": "1.1.0",
          "resolved": "https://registry.npmjs.org/loader-utils/-/loader-utils-1.1.0.tgz",
          "integrity": "sha1-yYrvSIvM7aL/teLeZG1qdUQp9c0="
        }
      }
    },
    "eslint-plugin-html": {
      "version": "1.7.0",
      "resolved": "https://registry.npmjs.org/eslint-plugin-html/-/eslint-plugin-html-1.7.0.tgz",
      "integrity": "sha1-KlsDiE2NVq35rZhk6cA2SA+2Kck=",
      "dev": true
    },
    "eslint-plugin-promise": {
      "version": "2.0.1",
      "resolved": "https://registry.npmjs.org/eslint-plugin-promise/-/eslint-plugin-promise-2.0.1.tgz",
      "integrity": "sha1-qXWc76XjirEbsu9loE7wQjCaoKQ=",
      "dev": true
    },
    "eslint-plugin-standard": {
      "version": "2.3.1",
      "resolved": "https://registry.npmjs.org/eslint-plugin-standard/-/eslint-plugin-standard-2.3.1.tgz",
      "integrity": "sha1-Z2W9Km2ezce98bFFrkuzDit7hvg=",
      "dev": true
    },
    "eventsource-polyfill": {
      "version": "0.9.6",
      "resolved": "https://registry.npmjs.org/eventsource-polyfill/-/eventsource-polyfill-0.9.6.tgz",
      "integrity": "sha1-EODRh/ERsWfyj9q5GIQ859gY8Tw=",
      "dev": true
    },
    "express": {
      "version": "4.17.3",
      "resolved": "https://registry.npmjs.org/express/-/express-4.17.3.tgz",
      "integrity": "sha512-yuSQpz5I+Ch7gFrPCk4/c+dIBKlQUxtgwqzph132bsT6qhuzss6I8cLJQz7B3rFblzd6wtcI0ZbGltH/C4LjUg==",
      "dev": true,
      "requires": {
        "accepts": "~1.3.8",
        "array-flatten": "1.1.1",
        "body-parser": "1.19.2",
        "content-disposition": "0.5.4",
        "content-type": "~1.0.4",
        "cookie": "0.4.2",
        "cookie-signature": "1.0.6",
        "debug": "2.6.9",
        "depd": "~1.1.2",
        "encodeurl": "~1.0.2",
        "escape-html": "~1.0.3",
        "etag": "~1.8.1",
        "finalhandler": "~1.1.2",
        "fresh": "0.5.2",
        "merge-descriptors": "1.0.1",
        "methods": "~1.1.2",
        "on-finished": "~2.3.0",
        "parseurl": "~1.3.3",
        "path-to-regexp": "0.1.7",
        "proxy-addr": "~2.0.7",
        "qs": "6.9.7",
        "range-parser": "~1.2.1",
        "safe-buffer": "5.2.1",
        "send": "0.17.2",
        "serve-static": "1.14.2",
        "setprototypeof": "1.2.0",
        "statuses": "~1.5.0",
        "type-is": "~1.6.18",
        "utils-merge": "1.0.1",
        "vary": "~1.1.2"
      },
      "dependencies": {
        "accepts": {
          "version": "1.3.8",
          "resolved": "https://registry.npmjs.org/accepts/-/accepts-1.3.8.tgz",
          "integrity": "sha512-PYAthTa2m2VKxuvSD3DPC/Gy+U+sOA1LAuT8mkmRuvw+NACSaeXEQ+NHcVF7rONl6qcaxV3Uuemwawk+7+SJLw==",
          "dev": true,
          "requires": {
            "mime-types": "~2.1.34",
            "negotiator": "0.6.3"
          }
        },
        "content-disposition": {
          "version": "0.5.4",
          "resolved": "https://registry.npmjs.org/content-disposition/-/content-disposition-0.5.4.tgz",
          "integrity": "sha512-FveZTNuGw04cxlAiWbzi6zTAL/lhehaWbTtgluJh4/E95DqMwTmha3KZN1aAWA8cFIhHzMZUvLevkw5Rqk+tSQ==",
          "dev": true,
          "requires": {
            "safe-buffer": "5.2.1"
          }
        },
        "content-type": {
          "version": "1.0.4",
          "resolved": "https://registry.npmjs.org/content-type/-/content-type-1.0.4.tgz",
          "integrity": "sha512-hIP3EEPs8tB9AT1L+NUqtwOAps4mk2Zob89MWXMHjHWg9milF/j4osnnQLXBCBFBk/tvIG/tUc9mOUJiPBhPXA==",
          "dev": true
        },
        "cookie": {
          "version": "0.4.2",
          "resolved": "https://registry.npmjs.org/cookie/-/cookie-0.4.2.tgz",
          "integrity": "sha512-aSWTXFzaKWkvHO1Ny/s+ePFpvKsPnjc551iI41v3ny/ow6tBG5Vd+FuqGNhh1LxOmVzOlGUriIlOaokOvhaStA==",
          "dev": true
        },
        "debug": {
          "version": "2.6.9",
          "resolved": "https://registry.npmjs.org/debug/-/debug-2.6.9.tgz",
          "integrity": "sha512-bC7ElrdJaJnPbAP+1EotYvqZsb3ecl5wi6Bfi6BJTUcNowp6cvspg0jXznRTKDjm/E7AdgFBVeAPVMNcKGsHMA==",
          "dev": true,
          "requires": {
            "ms": "2.0.0"
          }
        },
        "depd": {
          "version": "1.1.2",
          "resolved": "https://registry.npmjs.org/depd/-/depd-1.1.2.tgz",
          "integrity": "sha512-7emPTl6Dpo6JRXOXjLRxck+FlLRX5847cLKEn00PLAgc3g2hTZZgr+e4c2v6QpSmLeFP3n5yUo7ft6avBK/5jQ==",
          "dev": true
        },
        "encodeurl": {
          "version": "1.0.2",
          "resolved": "https://registry.npmjs.org/encodeurl/-/encodeurl-1.0.2.tgz",
          "integrity": "sha512-TPJXq8JqFaVYm2CWmPvnP2Iyo4ZSM7/QKcSmuMLDObfpH5fi7RUGmd/rTDf+rut/saiDiQEeVTNgAmJEdAOx0w==",
          "dev": true
        },
        "etag": {
          "version": "1.8.1",
          "resolved": "https://registry.npmjs.org/etag/-/etag-1.8.1.tgz",
          "integrity": "sha512-aIL5Fx7mawVa300al2BnEE4iNvo1qETxLrPI/o05L7z6go7fCw1J6EQmbK4FmJ2AS7kgVF/KEZWufBfdClMcPg==",
          "dev": true
        },
        "finalhandler": {
          "version": "1.1.2",
          "resolved": "https://registry.npmjs.org/finalhandler/-/finalhandler-1.1.2.tgz",
          "integrity": "sha512-aAWcW57uxVNrQZqFXjITpW3sIUQmHGG3qSb9mUah9MgMC4NeWhNOlNjXEYq3HjRAvL6arUviZGGJsBg6z0zsWA==",
          "dev": true,
          "requires": {
            "debug": "2.6.9",
            "encodeurl": "~1.0.2",
            "escape-html": "~1.0.3",
            "on-finished": "~2.3.0",
            "parseurl": "~1.3.3",
            "statuses": "~1.5.0",
            "unpipe": "~1.0.0"
          }
        },
        "forwarded": {
          "version": "0.2.0",
          "resolved": "https://registry.npmjs.org/forwarded/-/forwarded-0.2.0.tgz",
          "integrity": "sha512-buRG0fpBtRHSTCOASe6hD258tEubFoRLb4ZNA6NxMVHNw2gOcwHo9wyablzMzOA5z9xA9L1KNjk/Nt6MT9aYow==",
          "dev": true
        },
        "fresh": {
          "version": "0.5.2",
          "resolved": "https://registry.npmjs.org/fresh/-/fresh-0.5.2.tgz",
          "integrity": "sha512-zJ2mQYM18rEFOudeV4GShTGIQ7RbzA7ozbU9I/XBpm7kqgMywgmylMwXHxZJmkVoYkna9d2pVXVXPdYTP9ej8Q==",
          "dev": true
        },
        "http-errors": {
          "version": "1.8.1",
          "resolved": "https://registry.npmjs.org/http-errors/-/http-errors-1.8.1.tgz",
          "integrity": "sha512-Kpk9Sm7NmI+RHhnj6OIWDI1d6fIoFAtFt9RLaTMRlg/8w49juAStsrBgp0Dp4OdxdVbRIeKhtCUvoi/RuAhO4g==",
          "dev": true,
          "requires": {
            "depd": "~1.1.2",
            "inherits": "2.0.4",
            "setprototypeof": "1.2.0",
            "statuses": ">= 1.5.0 < 2",
            "toidentifier": "1.0.1"
          }
        },
        "inherits": {
          "version": "2.0.4",
          "resolved": "https://registry.npmjs.org/inherits/-/inherits-2.0.4.tgz",
          "integrity": "sha512-k/vGaX4/Yla3WzyMCvTQOXYeIHvqOKtnqBduzTHpzpQZzAskKMhZ2K+EnBiSM9zGSoIFeMpXKxa4dYeZIQqewQ==",
          "dev": true
        },
        "ipaddr.js": {
          "version": "1.9.1",
          "resolved": "https://registry.npmjs.org/ipaddr.js/-/ipaddr.js-1.9.1.tgz",
          "integrity": "sha512-0KI/607xoxSToH7GjN1FfSbLoU0+btTicjsQSWQlh/hZykN8KpmMf7uYwPW3R+akZ6R/w18ZlXSHBYXiYUPO3g==",
          "dev": true
        },
        "mime": {
          "version": "1.6.0",
          "resolved": "https://registry.npmjs.org/mime/-/mime-1.6.0.tgz",
          "integrity": "sha512-x0Vn8spI+wuJ1O6S7gnbaQg8Pxh4NNHb7KSINmEWKiPE4RKOplvijn+NkmYmmRgP68mc70j2EbeTFRsrswaQeg==",
          "dev": true
        },
        "mime-db": {
          "version": "1.52.0",
          "resolved": "https://registry.npmjs.org/mime-db/-/mime-db-1.52.0.tgz",
          "integrity": "sha512-sPU4uV7dYlvtWJxwwxHD0PuihVNiE7TyAbQ5SWxDCB9mUYvOgroQOwYQQOKPJ8CIbE+1ETVlOoK1UC2nU3gYvg==",
          "dev": true
        },
        "mime-types": {
          "version": "2.1.35",
          "resolved": "https://registry.npmjs.org/mime-types/-/mime-types-2.1.35.tgz",
          "integrity": "sha512-ZDY+bPm5zTTF+YpCrAU9nK0UgICYPT0QtT1NZWFv4s++TNkcgVaT0g6+4R2uI4MjQjzysHB1zxuWL50hzaeXiw==",
          "dev": true,
          "requires": {
            "mime-db": "1.52.0"
          }
        },
        "negotiator": {
          "version": "0.6.3",
          "resolved": "https://registry.npmjs.org/negotiator/-/negotiator-0.6.3.tgz",
          "integrity": "sha512-+EUsqGPLsM+j/zdChZjsnX51g4XrHFOIXwfnCVPGlQk/k5giakcKsuxCObBRu6DSm9opw/O6slWbJdghQM4bBg==",
          "dev": true
        },
        "parseurl": {
          "version": "1.3.3",
          "resolved": "https://registry.npmjs.org/parseurl/-/parseurl-1.3.3.tgz",
          "integrity": "sha512-CiyeOxFT/JZyN5m0z9PfXw4SCBJ6Sygz1Dpl0wqjlhDEGGBP1GnsUVEL0p63hoG1fcj3fHynXi9NYO4nWOL+qQ==",
          "dev": true
        },
        "proxy-addr": {
          "version": "2.0.7",
          "resolved": "https://registry.npmjs.org/proxy-addr/-/proxy-addr-2.0.7.tgz",
          "integrity": "sha512-llQsMLSUDUPT44jdrU/O37qlnifitDP+ZwrmmZcoSKyLKvtZxpyV0n2/bD/N4tBAAZ/gJEdZU7KMraoK1+XYAg==",
          "dev": true,
          "requires": {
            "forwarded": "0.2.0",
            "ipaddr.js": "1.9.1"
          }
        },
        "qs": {
          "version": "6.9.7",
          "resolved": "https://registry.npmjs.org/qs/-/qs-6.9.7.tgz",
          "integrity": "sha512-IhMFgUmuNpyRfxA90umL7ByLlgRXu6tIfKPpF5TmcfRLlLCckfP/g3IQmju6jjpu+Hh8rA+2p6A27ZSPOOHdKw==",
          "dev": true
        },
        "range-parser": {
          "version": "1.2.1",
          "resolved": "https://registry.npmjs.org/range-parser/-/range-parser-1.2.1.tgz",
          "integrity": "sha512-Hrgsx+orqoygnmhFbKaHE6c296J+HTAQXoxEF6gNupROmmGJRoyzfG3ccAveqCBrwr/2yxQ5BVd/GTl5agOwSg==",
          "dev": true
        },
        "safe-buffer": {
          "version": "5.2.1",
          "resolved": "https://registry.npmjs.org/safe-buffer/-/safe-buffer-5.2.1.tgz",
          "integrity": "sha512-rp3So07KcdmmKbGvgaNxQSJr7bGVSVk5S9Eq1F+ppbRo70+YeaDxkw5Dd8NPN+GD6bjnYm2VuPuCXmpuYvmCXQ==",
          "dev": true
        },
        "send": {
          "version": "0.17.2",
          "resolved": "https://registry.npmjs.org/send/-/send-0.17.2.tgz",
          "integrity": "sha512-UJYB6wFSJE3G00nEivR5rgWp8c2xXvJ3OPWPhmuteU0IKj8nKbG3DrjiOmLwpnHGYWAVwA69zmTm++YG0Hmwww==",
          "dev": true,
          "requires": {
            "debug": "2.6.9",
            "depd": "~1.1.2",
            "destroy": "~1.0.4",
            "encodeurl": "~1.0.2",
            "escape-html": "~1.0.3",
            "etag": "~1.8.1",
            "fresh": "0.5.2",
            "http-errors": "1.8.1",
            "mime": "1.6.0",
            "ms": "2.1.3",
            "on-finished": "~2.3.0",
            "range-parser": "~1.2.1",
            "statuses": "~1.5.0"
          },
          "dependencies": {
            "ms": {
              "version": "2.1.3",
              "resolved": "https://registry.npmjs.org/ms/-/ms-2.1.3.tgz",
              "integrity": "sha512-6FlzubTLZG3J2a/NVCAleEhjzq5oxgHyaCU9yYXvcLsvoVaHJq/s5xXI6/XXP6tz7R9xAOtHnSO/tXtF3WRTlA==",
              "dev": true
            }
          }
        },
        "serve-static": {
          "version": "1.14.2",
          "resolved": "https://registry.npmjs.org/serve-static/-/serve-static-1.14.2.tgz",
          "integrity": "sha512-+TMNA9AFxUEGuC0z2mevogSnn9MXKb4fa7ngeRMJaaGv8vTwnIEkKi+QGvPt33HSnf8pRS+WGM0EbMtCJLKMBQ==",
          "dev": true,
          "requires": {
            "encodeurl": "~1.0.2",
            "escape-html": "~1.0.3",
            "parseurl": "~1.3.3",
            "send": "0.17.2"
          }
        },
        "setprototypeof": {
          "version": "1.2.0",
          "resolved": "https://registry.npmjs.org/setprototypeof/-/setprototypeof-1.2.0.tgz",
          "integrity": "sha512-E5LDX7Wrp85Kil5bhZv46j8jOeboKq5JMmYM3gVGdGH8xFpPWXUMsNrlODCrkoxMEeNi/XZIwuRvY4XNwYMJpw==",
          "dev": true
        },
        "statuses": {
          "version": "1.5.0",
          "resolved": "https://registry.npmjs.org/statuses/-/statuses-1.5.0.tgz",
          "integrity": "sha512-OpZ3zP+jT1PI7I8nemJX4AKmAX070ZkYPVWV/AaKTJl+tXCTGyVdC1a4SL8RUQYEwk/f34ZX8UTykN68FwrqAA==",
          "dev": true
        },
        "type-is": {
          "version": "1.6.18",
          "resolved": "https://registry.npmjs.org/type-is/-/type-is-1.6.18.tgz",
          "integrity": "sha512-TkRKr9sUTxEH8MdfuCSP7VizJyzRNMjj2J2do2Jr3Kym598JVdEksuzPQCnlFPW4ky9Q+iA+ma9BGm06XQBy8g==",
          "dev": true,
          "requires": {
            "media-typer": "0.3.0",
            "mime-types": "~2.1.24"
          }
        },
        "utils-merge": {
          "version": "1.0.1",
          "resolved": "https://registry.npmjs.org/utils-merge/-/utils-merge-1.0.1.tgz",
          "integrity": "sha512-pMZTvIkT1d+TFGvDOqodOclx0QWkkgi6Tdoa8gC8ffGAAqz9pzPTZWAybbsHHoED/ztMtkv/VoYTYyShUn81hA==",
          "dev": true
        },
        "vary": {
          "version": "1.1.2",
          "resolved": "https://registry.npmjs.org/vary/-/vary-1.1.2.tgz",
          "integrity": "sha512-BNGbWLfd0eUPabhkXUVm0j8uuvREyTh5ovRa/dyow/BqAbZJyC+5fU+IzQOzmAKzYqYRAISoRhdQr3eIZ/PXqg==",
          "dev": true
        }
      }
    },
    "extract-text-webpack-plugin": {
      "version": "1.0.1",
      "resolved": "https://registry.npmjs.org/extract-text-webpack-plugin/-/extract-text-webpack-plugin-1.0.1.tgz",
      "integrity": "sha1-yVvzy6rEnclvHcbgclSfu2VMzSw=",
      "dev": true
    },
    "file-loader": {
      "version": "0.9.0",
      "resolved": "https://registry.npmjs.org/file-loader/-/file-loader-0.9.0.tgz",
      "integrity": "sha1-HS2t3UJM5tGwfP4/eXMb7TYXq0I=",
      "dev": true
    },
    "function-bind": {
      "version": "1.1.0",
      "resolved": "https://registry.npmjs.org/function-bind/-/function-bind-1.1.0.tgz",
      "integrity": "sha1-FhdnFMgBeY5Ojyz391KUZ7tKV3E=",
      "dev": true
    },
    "html-webpack-plugin": {
      "version": "2.28.0",
      "resolved": "https://registry.npmjs.org/html-webpack-plugin/-/html-webpack-plugin-2.28.0.tgz",
      "integrity": "sha1-LnhjtX5f1I/iYzA+L/yTTDBk0Ak=",
      "dev": true
    },
    "http-proxy-middleware": {
      "version": "0.17.4",
      "resolved": "https://registry.npmjs.org/http-proxy-middleware/-/http-proxy-middleware-0.17.4.tgz",
      "integrity": "sha1-ZC6ISIUdZvCdTxJJEoRtuutBuDM=",
      "dev": true
    },
    "iconv-lite": {
      "version": "0.4.24",
      "resolved": "https://registry.npmjs.org/iconv-lite/-/iconv-lite-0.4.24.tgz",
      "integrity": "sha512-v3MXnZAcvnywkTUEZomIActle7RXXeedOR31wwl7VlyoXO4Qi9arvSenNQWne1TcRwhCL1HwLI21bEqdpj8/rA==",
      "dev": true,
      "requires": {
        "safer-buffer": ">= 2.1.2 < 3"
      }
    },
    "inject-loader": {
      "version": "2.0.1",
      "resolved": "https://registry.npmjs.org/inject-loader/-/inject-loader-2.0.1.tgz",
      "integrity": "sha1-GntF1gqBYQRZrHYHnDziplTQ38c=",
      "dev": true
    },
    "isparta-loader": {
      "version": "2.0.0",
      "resolved": "https://registry.npmjs.org/isparta-loader/-/isparta-loader-2.0.0.tgz",
      "integrity": "sha1-RCX0lsk/dlu8603ZOFdtowdWbtE=",
      "dev": true
    },
    "jade": {
      "version": "1.11.0",
      "resolved": "https://registry.npmjs.org/jade/-/jade-1.11.0.tgz",
      "integrity": "sha1-nIDlOMEtP7lcjZu5VZ+gzAQEBf0=",
      "dev": true,
      "dependencies": {
        "clean-css": {
          "version": "3.4.27",
          "resolved": "https://registry.npmjs.org/clean-css/-/clean-css-3.4.27.tgz",
          "integrity": "sha1-re91sxwWD/pdcvTeZ5ZuJmDBolU=",
          "dependencies": {
            "commander": {
              "version": "2.8.1",
              "resolved": "https://registry.npmjs.org/commander/-/commander-2.8.1.tgz",
              "integrity": "sha1-Br42f+v9oMMwqh4qBy09yXYkJdQ="
            }
          }
        },
        "commander": {
          "version": "2.6.0",
          "resolved": "https://registry.npmjs.org/commander/-/commander-2.6.0.tgz",
          "integrity": "sha1-nfflL7Kgyw+4kFjugMMQQiXzfh0="
        },
        "source-map": {
          "version": "0.4.4",
          "resolved": "https://registry.npmjs.org/source-map/-/source-map-0.4.4.tgz",
          "integrity": "sha1-66T12pwNyZneaAMti092FzZSA2s="
        },
        "uglify-js": {
          "version": "2.8.29",
          "resolved": "https://registry.npmjs.org/uglify-js/-/uglify-js-2.8.29.tgz",
          "integrity": "sha1-KcVzMUgFe7Th913zW3qcty5qWd0=",
          "dependencies": {
            "source-map": {
              "version": "0.5.6",
              "resolved": "https://registry.npmjs.org/source-map/-/source-map-0.5.6.tgz",
              "integrity": "sha1-dc449SvwczxafwwRjYEzSiu19BI="
            }
          }
        }
      }
    },
    "lodash": {
      "version": "4.17.4",
      "resolved": "https://registry.npmjs.org/lodash/-/lodash-4.17.4.tgz",
      "integrity": "sha1-eCA6TRwyiuHYbcpkYONptX9AVa4=",
      "dev": true
    },
    "media-typer": {
      "version": "0.3.0",
      "resolved": "https://registry.npmjs.org/media-typer/-/media-typer-0.3.0.tgz",
      "integrity": "sha1-hxDXrwqmJvj/+hzgAWhUUmMlV0g=",
      "dev": true
    },
    "merge-descriptors": {
      "version": "1.0.1",
      "resolved": "https://registry.npmjs.org/merge-descriptors/-/merge-descriptors-1.0.1.tgz",
      "integrity": "sha1-sAqqVW3YtEVoFQ7J0blT8/kMu2E=",
      "dev": true
    },
    "methods": {
      "version": "1.1.2",
      "resolved": "https://registry.npmjs.org/methods/-/methods-1.1.2.tgz",
      "integrity": "sha1-VSmk1nZUE07cxSZmVoNbD4Ua/O4=",
      "dev": true
    },
    "mocha": {
      "version": "3.4.2",
      "resolved": "https://registry.npmjs.org/mocha/-/mocha-3.4.2.tgz",
      "integrity": "sha1-0O9NMyEm2/GNDWQMmzgt1IvpdZQ=",
      "dev": true,
      "dependencies": {
        "debug": {
          "version": "2.6.0",
          "resolved": "https://registry.npmjs.org/debug/-/debug-2.6.0.tgz",
          "integrity": "sha1-vFlryr52F/Edn6FTYe3tVgi4SZs="
        },
        "glob": {
          "version": "7.1.1",
          "resolved": "https://registry.npmjs.org/glob/-/glob-7.1.1.tgz",
          "integrity": "sha1-gFIR3wT6rxxjo2ADBs31reULLsg="
        },
        "ms": {
          "version": "0.7.2",
          "resolved": "https://registry.npmjs.org/ms/-/ms-0.7.2.tgz",
          "integrity": "sha1-riXPJRKziFodldfwN4aNhDESR2U="
        },
        "supports-color": {
          "version": "3.1.2",
          "resolved": "https://registry.npmjs.org/supports-color/-/supports-color-3.1.2.tgz",
          "integrity": "sha1-cqJiiU2dQIuVbKBf83su2KbiotU="
        }
      }
    },
    "ms": {
      "version": "2.0.0",
      "resolved": "https://registry.npmjs.org/ms/-/ms-2.0.0.tgz",
      "integrity": "sha1-VgiurfwAvmwpAd9fmGF4jeDVl8g=",
      "dev": true
    },
    "node-sass": {
      "version": "3.13.1",
      "resolved": "https://registry.npmjs.org/node-sass/-/node-sass-3.13.1.tgz",
      "integrity": "sha1-ckD7v/I5YwS0IjUn7TAgWJwAT8I=",
      "dev": true
    },
    "on-finished": {
      "version": "2.3.0",
      "resolved": "https://registry.npmjs.org/on-finished/-/on-finished-2.3.0.tgz",
      "integrity": "sha1-IPEzZIGwg811M3mSoWlxqi2QaUc=",
      "dev": true
    },
    "path-to-regexp": {
      "version": "0.1.7",
      "resolved": "https://registry.npmjs.org/path-to-regexp/-/path-to-regexp-0.1.7.tgz",
      "integrity": "sha1-32BBeABfUi8V60SQ5yR6G/qmf4w=",
      "dev": true
    },
    "raw-body": {
      "version": "2.4.3",
      "resolved": "https://registry.npmjs.org/raw-body/-/raw-body-2.4.3.tgz",
      "integrity": "sha512-UlTNLIcu0uzb4D2f4WltY6cVjLi+/jEN4lgEUj3E04tpMDpUlkBo/eSn6zou9hum2VMNpCCUone0O0WeJim07g==",
      "dev": true,
      "requires": {
        "bytes": "3.1.2",
        "http-errors": "1.8.1",
        "iconv-lite": "0.4.24",
        "unpipe": "1.0.0"
      },
      "dependencies": {
        "depd": {
          "version": "1.1.2",
          "resolved": "https://registry.npmjs.org/depd/-/depd-1.1.2.tgz",
          "integrity": "sha512-7emPTl6Dpo6JRXOXjLRxck+FlLRX5847cLKEn00PLAgc3g2hTZZgr+e4c2v6QpSmLeFP3n5yUo7ft6avBK/5jQ==",
          "dev": true
        },
        "http-errors": {
          "version": "1.8.1",
          "resolved": "https://registry.npmjs.org/http-errors/-/http-errors-1.8.1.tgz",
          "integrity": "sha512-Kpk9Sm7NmI+RHhnj6OIWDI1d6fIoFAtFt9RLaTMRlg/8w49juAStsrBgp0Dp4OdxdVbRIeKhtCUvoi/RuAhO4g==",
          "dev": true,
          "requires": {
            "depd": "~1.1.2",
            "inherits": "2.0.4",
            "setprototypeof": "1.2.0",
            "statuses": ">= 1.5.0 < 2",
            "toidentifier": "1.0.1"
          }
        },
        "inherits": {
          "version": "2.0.4",
          "resolved": "https://registry.npmjs.org/inherits/-/inherits-2.0.4.tgz",
          "integrity": "sha512-k/vGaX4/Yla3WzyMCvTQOXYeIHvqOKtnqBduzTHpzpQZzAskKMhZ2K+EnBiSM9zGSoIFeMpXKxa4dYeZIQqewQ==",
          "dev": true
        },
        "setprototypeof": {
          "version": "1.2.0",
          "resolved": "https://registry.npmjs.org/setprototypeof/-/setprototypeof-1.2.0.tgz",
          "integrity": "sha512-E5LDX7Wrp85Kil5bhZv46j8jOeboKq5JMmYM3gVGdGH8xFpPWXUMsNrlODCrkoxMEeNi/XZIwuRvY4XNwYMJpw==",
          "dev": true
        },
        "statuses": {
          "version": "1.5.0",
          "resolved": "https://registry.npmjs.org/statuses/-/statuses-1.5.0.tgz",
          "integrity": "sha512-OpZ3zP+jT1PI7I8nemJX4AKmAX070ZkYPVWV/AaKTJl+tXCTGyVdC1a4SL8RUQYEwk/f34ZX8UTykN68FwrqAA==",
          "dev": true
        }
      }
    },
    "safer-buffer": {
      "version": "2.1.2",
      "resolved": "https://registry.npmjs.org/safer-buffer/-/safer-buffer-2.1.2.tgz",
      "integrity": "sha512-YZo3K82SD7Riyi0E1EQPojLz7kpepnSQI9IyPbHHg1XXXevb5dJI7tpyN2ADxGcQbHG7vcyRHk0cbwqcQriUtg==",
      "dev": true
    },
    "sass-loader": {
      "version": "4.1.1",
      "resolved": "https://registry.npmjs.org/sass-loader/-/sass-loader-4.1.1.tgz",
      "integrity": "sha1-ee+UaM8L9kbClSnh8sumvW5Rx7w=",
      "dev": true,
      "dependencies": {
        "async": {
          "version": "2.4.1",
          "resolved": "https://registry.npmjs.org/async/-/async-2.4.1.tgz",
          "integrity": "sha1-YqVrJ5yYoR0JhwlqAcw+6463u9c="
        }
      }
    },
    "stylus": {
      "version": "0.54.5",
      "resolved": "https://registry.npmjs.org/stylus/-/stylus-0.54.5.tgz",
      "integrity": "sha1-QrlWCTHKcJDOhRWnmLqeaqPW3Hk=",
      "dev": true,
      "dependencies": {
        "css-parse": {
          "version": "1.7.0",
          "resolved": "https://registry.npmjs.org/css-parse/-/css-parse-1.7.0.tgz",
          "integrity": "sha1-Mh9s9zeCpv91ERE5D8BeLGV9jJs="
        },
        "glob": {
          "version": "7.0.6",
          "resolved": "https://registry.npmjs.org/glob/-/glob-7.0.6.tgz",
          "integrity": "sha1-IRuvr0nlJbjNkyYNFKsTYVKz9Xo="
        },
        "sax": {
          "version": "0.5.8",
          "resolved": "https://registry.npmjs.org/sax/-/sax-0.5.8.tgz",
          "integrity": "sha1-1HLbIo6zMcJQaw6MFVJK25OdEsE="
        },
        "source-map": {
          "version": "0.1.43",
          "resolved": "https://registry.npmjs.org/source-map/-/source-map-0.1.43.tgz",
          "integrity": "sha1-wkvBRspRfBRx9drL4lcbK3+eM0Y="
        }
      }
    },
    "stylus-loader": {
      "version": "2.5.1",
      "resolved": "https://registry.npmjs.org/stylus-loader/-/stylus-loader-2.5.1.tgz",
      "integrity": "sha1-1a2KfglYrcErhYHnuxabmmHVQhY=",
      "dev": true
    },
    "toidentifier": {
      "version": "1.0.1",
      "resolved": "https://registry.npmjs.org/toidentifier/-/toidentifier-1.0.1.tgz",
      "integrity": "sha512-o5sSPKEkg/DIQNmH43V0/uerLrpzVedkUh8tGNvaeXpfpuwjKenlSox/2O/BTlZUtEe+JG7s5YhEz608PlAHRA==",
      "dev": true
    },
    "unpipe": {
      "version": "1.0.0",
      "resolved": "https://registry.npmjs.org/unpipe/-/unpipe-1.0.0.tgz",
      "integrity": "sha1-sr9O6FFKrmFltIF4KdIbLvSZBOw=",
      "dev": true
    },
    "url-loader": {
      "version": "0.5.9",
      "resolved": "https://registry.npmjs.org/url-loader/-/url-loader-0.5.9.tgz",
      "integrity": "sha512-B7QYFyvv+fOBqBVeefsxv6koWWtjmHaMFT6KZWti4KRw8YUD/hOU+3AECvXuzyVawIBx3z7zQRejXCDSO5kk1Q==",
      "dev": true,
      "dependencies": {
        "loader-utils": {
          "version": "1.1.0",
          "resolved": "https://registry.npmjs.org/loader-utils/-/loader-utils-1.1.0.tgz",
          "integrity": "sha1-yYrvSIvM7aL/teLeZG1qdUQp9c0="
        }
      }
    },
    "vue": {
      "version": "2.3.4",
      "resolved": "https://registry.npmjs.org/vue/-/vue-2.3.4.tgz",
      "integrity": "sha512-oLCxuVcVQ2inwSbS7B+zfjB6CSjgQ0yyCOzPcg7S5CXeOCbtkaiN5frR6MtwvrveqbG86OsGd9jWf6JsGyQkLw==",
      "dev": true
    },
    "vue-hot-reload-api": {
      "version": "2.1.0",
      "resolved": "https://registry.npmjs.org/vue-hot-reload-api/-/vue-hot-reload-api-2.1.0.tgz",
      "integrity": "sha1-nKWKbg35B4VUzhcIaItleHVNht4=",
      "dev": true
    },
    "vue-html-loader": {
      "version": "1.2.4",
      "resolved": "https://registry.npmjs.org/vue-html-loader/-/vue-html-loader-1.2.4.tgz",
      "integrity": "sha1-VM5Im+BgZckdwqEXMSLz4ATgolM=",
      "dev": true,
      "dependencies": {
        "async": {
          "version": "0.2.10",
          "resolved": "https://registry.npmjs.org/async/-/async-0.2.10.tgz",
          "integrity": "sha1-trvgsGdLnXGXCMo43owjfLUmw9E="
        },
        "clean-css": {
          "version": "3.4.27",
          "resolved": "https://registry.npmjs.org/clean-css/-/clean-css-3.4.27.tgz",
          "integrity": "sha1-re91sxwWD/pdcvTeZ5ZuJmDBolU=",
          "dependencies": {
            "commander": {
              "version": "2.8.1",
              "resolved": "https://registry.npmjs.org/commander/-/commander-2.8.1.tgz",
              "integrity": "sha1-Br42f+v9oMMwqh4qBy09yXYkJdQ="
            }
          }
        },
        "html-minifier": {
          "version": "2.1.7",
          "resolved": "https://registry.npmjs.org/html-minifier/-/html-minifier-2.1.7.tgz",
          "integrity": "sha1-kFHW/LvPIU7TB+GtdPQyu5rWVcw="
        },
        "loader-utils": {
          "version": "1.1.0",
          "resolved": "https://registry.npmjs.org/loader-utils/-/loader-utils-1.1.0.tgz",
          "integrity": "sha1-yYrvSIvM7aL/teLeZG1qdUQp9c0="
        },
        "source-map": {
          "version": "0.4.4",
          "resolved": "https://registry.npmjs.org/source-map/-/source-map-0.4.4.tgz",
          "integrity": "sha1-66T12pwNyZneaAMti092FzZSA2s="
        },
        "uglify-js": {
          "version": "2.6.4",
          "resolved": "https://registry.npmjs.org/uglify-js/-/uglify-js-2.6.4.tgz",
          "integrity": "sha1-ZeovswWck5RpLxX+2HwrNsFrmt8=",
          "dependencies": {
            "source-map": {
              "version": "0.5.6",
              "resolved": "https://registry.npmjs.org/source-map/-/source-map-0.5.6.tgz",
              "integrity": "sha1-dc449SvwczxafwwRjYEzSiu19BI="
            }
          }
        }
      }
    },
    "vue-loader": {
      "version": "9.9.5",
      "resolved": "https://registry.npmjs.org/vue-loader/-/vue-loader-9.9.5.tgz",
      "integrity": "sha1-CJPjCT6QyPvoUgU7Kw9IVKO/RlE=",
      "dev": true
    },
    "vue-router": {
      "version": "2.5.3",
      "resolved": "https://registry.npmjs.org/vue-router/-/vue-router-2.5.3.tgz",
      "integrity": "sha1-BzeD9WS2rs5silnGPimNwqq/tRs=",
      "dev": true
    },
    "vue-style-loader": {
      "version": "1.0.0",
      "resolved": "https://registry.npmjs.org/vue-style-loader/-/vue-style-loader-1.0.0.tgz",
      "integrity": "sha1-q+t70PRjEwg3QSRNMHnU8URJ4Ek=",
      "dev": true
    },
    "webpack": {
      "version": "1.15.0",
      "resolved": "https://registry.npmjs.org/webpack/-/webpack-1.15.0.tgz",
      "integrity": "sha1-T/MfU9sDM55VFkqdRo7gMklo/pg=",
      "dev": true,
      "dependencies": {
        "acorn": {
          "version": "3.3.0",
          "resolved": "https://registry.npmjs.org/acorn/-/acorn-3.3.0.tgz",
          "integrity": "sha1-ReN/s56No/JbruP/U2niu18iAXo="
        },
        "interpret": {
          "version": "0.6.6",
          "resolved": "https://registry.npmjs.org/interpret/-/interpret-0.6.6.tgz",
          "integrity": "sha1-/s16GOfOXKar+5U+H4YhOknxYls="
        },
        "supports-color": {
          "version": "3.2.3",
          "resolved": "https://registry.npmjs.org/supports-color/-/supports-color-3.2.3.tgz",
          "integrity": "sha1-ZawFBLOVQXHYpklGsq48u4pfVPY="
        },
        "uglify-js": {
          "version": "2.7.5",
          "resolved": "https://registry.npmjs.org/uglify-js/-/uglify-js-2.7.5.tgz",
          "integrity": "sha1-RhLAx7qu4rp8SH3kkErhIgefLKg=",
          "dependencies": {
            "async": {
              "version": "0.2.10",
              "resolved": "https://registry.npmjs.org/async/-/async-0.2.10.tgz",
              "integrity": "sha1-trvgsGdLnXGXCMo43owjfLUmw9E="
            }
          }
        }
      }
    },
    "webpack-dev-middleware": {
      "version": "1.10.2",
      "resolved": "https://registry.npmjs.org/webpack-dev-middleware/-/webpack-dev-middleware-1.10.2.tgz",
      "integrity": "sha1-LiUs4d+wINvaHMs33ybzCrAU29E=",
      "dev": true,
      "dependencies": {
        "memory-fs": {
          "version": "0.4.1",
          "resolved": "https://registry.npmjs.org/memory-fs/-/memory-fs-0.4.1.tgz",
          "integrity": "sha1-OpoguEYlI+RHz7x+i7gO1me/xVI="
        }
      }
    },
    "webpack-hot-middleware": {
      "version": "2.18.0",
      "resolved": "https://registry.npmjs.org/webpack-hot-middleware/-/webpack-hot-middleware-2.18.0.tgz",
      "integrity": "sha1-oWu1Nbg6aslKeKxevOTzBZ6CdNM=",
      "dev": true
    },
    "webpack-merge": {
      "version": "0.14.1",
      "resolved": "https://registry.npmjs.org/webpack-merge/-/webpack-merge-0.14.1.tgz",
      "integrity": "sha1-1r/m2TYKAk4ef45jg65zXxc3zSM=",
      "dev": true
    }
  }
}
